
Microsoft Visual Studio Solution File, Format Version 12.00
# Visual Studio 14
VisualStudioVersion = 14.0.25420.1
MinimumVisualStudioVersion = 10.0.40219.1
Project("{FAE04EC0-301F-11D3-BF4B-00C04F79EFBC}") = "Home Server Add-In1", "Home Server Add-In1\Home Server Add-In1.csproj", "{87029CA5-9EC8-4B4B-AF9E-0101E6D11175}"
EndProject
Project("{FAE04EC0-301F-11D3-BF4B-00C04F79EFBC}") = "WHSClamAVUpdateService", "WHSClamAVUpdateService\WHSClamAVUpdateService.csproj", "{28C80F9D-7BE0-43EC-A144-2B6D74C4EA60}"
EndProject
Project("{FAE04EC0-301F-11D3-BF4B-00C04F79EFBC}") = "WHSClamAVScanService", "WHSClamAVScanService\WHSClamAVScanService.csproj", "{C0212391-B043-4053-8C71-D8A3555D4BA9}"
EndProject
Project("{930C7802-8A8C-48F9-8165-68863BCCD9DD}") = "WHSClamAV-WiX", "WHSClamAV-WiX\WHSClamAV-WiX.wixproj", "{AEE19E85-5105-4931-9342-AF161F20A040}"
	ProjectSection(ProjectDependencies) = postProject
		{C0212391-B043-4053-8C71-D8A3555D4BA9} = {C0212391-B043-4053-8C71-D8A3555D4BA9}
		{28C80F9D-7BE0-43EC-A144-2B6D74C4EA60} = {28C80F9D-7BE0-43EC-A144-2B6D74C4EA60}
		{87029CA5-9EC8-4B4B-AF9E-0101E6D11175} = {87029CA5-9EC8-4B4B-AF9E-0101E6D11175}
	EndProjectSection
EndProject
Global
	GlobalSection(SolutionConfigurationPlatforms) = preSolution
		Debug|Any CPU = Debug|Any CPU
		Debug|x86 = Debug|x86
		Release|Any CPU = Release|Any CPU
		Release|x86 = Release|x86
	EndGlobalSection
	GlobalSection(ProjectConfigurationPlatforms) = postSolution
		{87029CA5-9EC8-4B4B-AF9E-0101E6D11175}.Debug|Any CPU.ActiveCfg = Debug|Any CPU
		{87029CA5-9EC8-4B4B-AF9E-0101E6D11175}.Debug|Any CPU.Build.0 = Debug|Any CPU
		{87029CA5-9EC8-4B4B-AF9E-0101E6D11175}.Debug|x86.ActiveCfg = Debug|Any CPU
		{87029CA5-9EC8-4B4B-AF9E-0101E6D11175}.Debug|x86.Build.0 = Debug|Any CPU
		{87029CA5-9EC8-4B4B-AF9E-0101E6D11175}.Release|Any CPU.ActiveCfg = Release|Any CPU
		{87029CA5-9EC8-4B4B-AF9E-0101E6D11175}.Release|Any CPU.Build.0 = Release|Any CPU
		{87029CA5-9EC8-4B4B-AF9E-0101E6D11175}.Release|x86.ActiveCfg = Release|Any CPU
		{87029CA5-9EC8-4B4B-AF9E-0101E6D11175}.Release|x86.Build.0 = Release|Any CPU
		{28C80F9D-7BE0-43EC-A144-2B6D74C4EA60}.Debug|Any CPU.ActiveCfg = Debug|Any CPU
		{28C80F9D-7BE0-43EC-A144-2B6D74C4EA60}.Debug|Any CPU.Build.0 = Debug|Any CPU
		{28C80F9D-7BE0-43EC-A144-2B6D74C4EA60}.Debug|x86.ActiveCfg = Debug|Any CPU
		{28C80F9D-7BE0-43EC-A144-2B6D74C4EA60}.Debug|x86.Build.0 = Debug|Any CPU
		{28C80F9D-7BE0-43EC-A144-2B6D74C4EA60}.Release|Any CPU.ActiveCfg = Release|Any CPU
		{28C80F9D-7BE0-43EC-A144-2B6D74C4EA60}.Release|Any CPU.Build.0 = Release|Any CPU
		{28C80F9D-7BE0-43EC-A144-2B6D74C4EA60}.Release|x86.ActiveCfg = Release|Any CPU
		{28C80F9D-7BE0-43EC-A144-2B6D74C4EA60}.Release|x86.Build.0 = Release|Any CPU
		{C0212391-B043-4053-8C71-D8A3555D4BA9}.Debug|Any CPU.ActiveCfg = Debug|Any CPU
		{C0212391-B043-4053-8C71-D8A3555D4BA9}.Debug|Any CPU.Build.0 = Debug|Any CPU
		{C0212391-B043-4053-8C71-D8A3555D4BA9}.Debug|x86.ActiveCfg = Debug|Any CPU
		{C0212391-B043-4053-8C71-D8A3555D4BA9}.Debug|x86.Build.0 = Debug|Any CPU
		{C0212391-B043-4053-8C71-D8A3555D4BA9}.Release|Any CPU.ActiveCfg = Release|Any CPU
		{C0212391-B043-4053-8C71-D8A3555D4BA9}.Release|Any CPU.Build.0 = Release|Any CPU
		{C0212391-B043-4053-8C71-D8A3555D4BA9}.Release|x86.ActiveCfg = Release|Any CPU
		{C0212391-B043-4053-8C71-D8A3555D4BA9}.Release|x86.Build.0 = Release|Any CPU
		{AEE19E85-5105-4931-9342-AF161F20A040}.Debug|Any CPU.ActiveCfg = Debug|x86
		{AEE19E85-5105-4931-9342-AF161F20A040}.Debug|Any CPU.Build.0 = Debug|x86
		{AEE19E85-5105-4931-9342-AF161F20A040}.Debug|x86.ActiveCfg = Debug|x86
		{AEE19E85-5105-4931-9342-AF161F20A040}.Debug|x86.Build.0 = Debug|x86
		{AEE19E85-5105-4931-9342-AF161F20A040}.Release|Any CPU.ActiveCfg = Release|x86
		{AEE19E85-5105-4931-9342-AF161F20A040}.Release|Any CPU.Build.0 = Release|x86
		{AEE19E85-5105-4931-9342-AF161F20A040}.Release|x86.ActiveCfg = Release|x86
		{AEE19E85-5105-4931-9342-AF161F20A040}.Release|x86.Build.0 = Release|x86
	EndGlobalSection
	GlobalSection(SolutionProperties) = preSolution
		HideSolutionNode = FALSE
	EndGlobalSection
EndGlobal
